// !$*UTF8*$!
{
	archiveVersion = 1;
	classes = {
	};
	objectVersion = 48;
	objects = {

/* Begin PBXBuildFile section */
		1AF3C8D85DC0EA2515E03D1B /* Pods_SDWebImageFramework.framework in Frameworks */ = {isa = PBXBuildFile; fileRef = 58A57606128DCD26ACA78F77 /* Pods_SDWebImageFramework.framework */; };
		6D4EAD6E20D4E15D003267D9 /* AppDelegate.swift in Sources */ = {isa = PBXBuildFile; fileRef = 6D4EAD6D20D4E15D003267D9 /* AppDelegate.swift */; };
		6D4EAD7020D4E15D003267D9 /* ViewController.swift in Sources */ = {isa = PBXBuildFile; fileRef = 6D4EAD6F20D4E15D003267D9 /* ViewController.swift */; };
		6D4EAD7320D4E15D003267D9 /* Main.storyboard in Resources */ = {isa = PBXBuildFile; fileRef = 6D4EAD7120D4E15D003267D9 /* Main.storyboard */; };
		6D4EAD7620D4E15D003267D9 /* SDWebImageFramework.xcdatamodeld in Sources */ = {isa = PBXBuildFile; fileRef = 6D4EAD7420D4E15D003267D9 /* SDWebImageFramework.xcdatamodeld */; };
		6D4EAD7820D4E15D003267D9 /* Assets.xcassets in Resources */ = {isa = PBXBuildFile; fileRef = 6D4EAD7720D4E15D003267D9 /* Assets.xcassets */; };
		6D4EAD7B20D4E15D003267D9 /* LaunchScreen.storyboard in Resources */ = {isa = PBXBuildFile; fileRef = 6D4EAD7920D4E15D003267D9 /* LaunchScreen.storyboard */; };
/* End PBXBuildFile section */

/* Begin PBXFileReference section */
		58A57606128DCD26ACA78F77 /* Pods_SDWebImageFramework.framework */ = {isa = PBXFileReference; explicitFileType = wrapper.framework; includeInIndex = 0; path = Pods_SDWebImageFramework.framework; sourceTree = BUILT_PRODUCTS_DIR; };
		6D4EAD6A20D4E15D003267D9 /* SDWebImageFramework.app */ = {isa = PBXFileReference; explicitFileType = wrapper.application; includeInIndex = 0; path = SDWebImageFramework.app; sourceTree = BUILT_PRODUCTS_DIR; };
		6D4EAD6D20D4E15D003267D9 /* AppDelegate.swift */ = {isa = PBXFileReference; lastKnownFileType = sourcecode.swift; path = AppDelegate.swift; sourceTree = "<group>"; };
		6D4EAD6F20D4E15D003267D9 /* ViewController.swift */ = {isa = PBXFileReference; lastKnownFileType = sourcecode.swift; path = ViewController.swift; sourceTree = "<group>"; };
		6D4EAD7220D4E15D003267D9 /* Base */ = {isa = PBXFileReference; lastKnownFileType = file.storyboard; name = Base; path = Base.lproj/Main.storyboard; sourceTree = "<group>"; };
		6D4EAD7520D4E15D003267D9 /* SDWebImageFramework.xcdatamodel */ = {isa = PBXFileReference; lastKnownFileType = wrapper.xcdatamodel; path = SDWebImageFramework.xcdatamodel; sourceTree = "<group>"; };
		6D4EAD7720D4E15D003267D9 /* Assets.xcassets */ = {isa = PBXFileReference; lastKnownFileType = folder.assetcatalog; path = Assets.xcassets; sourceTree = "<group>"; };
		6D4EAD7A20D4E15D003267D9 /* Base */ = {isa = PBXFileReference; lastKnownFileType = file.storyboard; name = Base; path = Base.lproj/LaunchScreen.storyboard; sourceTree = "<group>"; };
		6D4EAD7C20D4E15D003267D9 /* Info.plist */ = {isa = PBXFileReference; lastKnownFileType = text.plist.xml; path = Info.plist; sourceTree = "<group>"; };
		A766A6EFEFA539C8EBA222A6 /* Pods-SDWebImageFramework.debug.xcconfig */ = {isa = PBXFileReference; includeInIndex = 1; lastKnownFileType = text.xcconfig; name = "Pods-SDWebImageFramework.debug.xcconfig"; path = "Pods/Target Support Files/Pods-SDWebImageFramework/Pods-SDWebImageFramework.debug.xcconfig"; sourceTree = "<group>"; };
		E8777D43900B7326CEBD4CD9 /* Pods-SDWebImageFramework.release.xcconfig */ = {isa = PBXFileReference; includeInIndex = 1; lastKnownFileType = text.xcconfig; name = "Pods-SDWebImageFramework.release.xcconfig"; path = "Pods/Target Support Files/Pods-SDWebImageFramework/Pods-SDWebImageFramework.release.xcconfig"; sourceTree = "<group>"; };
/* End PBXFileReference section */

/* Begin PBXFrameworksBuildPhase section */
		6D4EAD6720D4E15D003267D9 /* Frameworks */ = {
			isa = PBXFrameworksBuildPhase;
			buildActionMask = 2147483647;
			files = (
				1AF3C8D85DC0EA2515E03D1B /* Pods_SDWebImageFramework.framework in Frameworks */,
			);
			runOnlyForDeploymentPostprocessing = 0;
		};
/* End PBXFrameworksBuildPhase section */

/* Begin PBXGroup section */
		0CE2058F6E63CAC0AC52E0A0 /* Frameworks */ = {
			isa = PBXGroup;
			children = (
				58A57606128DCD26ACA78F77 /* Pods_SDWebImageFramework.framework */,
			);
			name = Frameworks;
			sourceTree = "<group>";
		};
		6D4EAD6120D4E15C003267D9 = {
			isa = PBXGroup;
			children = (
				6D4EAD6C20D4E15D003267D9 /* SDWebImageFramework */,
				6D4EAD6B20D4E15D003267D9 /* Products */,
				DF15C396FB0FD68CCC7F945A /* Pods */,
				0CE2058F6E63CAC0AC52E0A0 /* Frameworks */,
			);
			sourceTree = "<group>";
		};
		6D4EAD6B20D4E15D003267D9 /* Products */ = {
			isa = PBXGroup;
			children = (
				6D4EAD6A20D4E15D003267D9 /* SDWebImageFramework.app */,
			);
			name = Products;
			sourceTree = "<group>";
		};
		6D4EAD6C20D4E15D003267D9 /* SDWebImageFramework */ = {
			isa = PBXGroup;
			children = (
				6D4EAD6D20D4E15D003267D9 /* AppDelegate.swift */,
				6D4EAD6F20D4E15D003267D9 /* ViewController.swift */,
				6D4EAD7120D4E15D003267D9 /* Main.storyboard */,
				6D4EAD7720D4E15D003267D9 /* Assets.xcassets */,
				6D4EAD7920D4E15D003267D9 /* LaunchScreen.storyboard */,
				6D4EAD7C20D4E15D003267D9 /* Info.plist */,
				6D4EAD7420D4E15D003267D9 /* SDWebImageFramework.xcdatamodeld */,
			);
			path = SDWebImageFramework;
			sourceTree = "<group>";
		};
		DF15C396FB0FD68CCC7F945A /* Pods */ = {
			isa = PBXGroup;
			children = (
				A766A6EFEFA539C8EBA222A6 /* Pods-SDWebImageFramework.debug.xcconfig */,
				E8777D43900B7326CEBD4CD9 /* Pods-SDWebImageFramework.release.xcconfig */,
			);
			name = Pods;
			sourceTree = "<group>";
		};
/* End PBXGroup section */

/* Begin PBXNativeTarget section */
		6D4EAD6920D4E15D003267D9 /* SDWebImageFramework */ = {
			isa = PBXNativeTarget;
			buildConfigurationList = 6D4EAD7F20D4E15D003267D9 /* Build configuration list for PBXNativeTarget "SDWebImageFramework" */;
			buildPhases = (
				A9F0EA5AB8B2C2ED83083DFF /* [CP] Check Pods Manifest.lock */,
				6D4EAD6620D4E15D003267D9 /* Sources */,
				6D4EAD6720D4E15D003267D9 /* Frameworks */,
				6D4EAD6820D4E15D003267D9 /* Resources */,
				6059BDA7CB4B32AAA35C9238 /* [CP] Embed Pods Frameworks */,
			);
			buildRules = (
			);
			dependencies = (
			);
			name = SDWebImageFramework;
			productName = SDWebImageFramework;
			productReference = 6D4EAD6A20D4E15D003267D9 /* SDWebImageFramework.app */;
			productType = "com.apple.product-type.application";
		};
/* End PBXNativeTarget section */

/* Begin PBXProject section */
		6D4EAD6220D4E15D003267D9 /* Project object */ = {
			isa = PBXProject;
			attributes = {
				LastSwiftUpdateCheck = 0900;
				LastUpgradeCheck = 0900;
				ORGANIZATIONNAME = student.roey.honig;
				TargetAttributes = {
					6D4EAD6920D4E15D003267D9 = {
						CreatedOnToolsVersion = 9.0.1;
						ProvisioningStyle = Automatic;
					};
				};
			};
			buildConfigurationList = 6D4EAD6520D4E15D003267D9 /* Build configuration list for PBXProject "SDWebImageFramework" */;
			compatibilityVersion = "Xcode 8.0";
			developmentRegion = en;
			hasScannedForEncodings = 0;
			knownRegions = (
				en,
				Base,
			);
			mainGroup = 6D4EAD6120D4E15C003267D9;
			productRefGroup = 6D4EAD6B20D4E15D003267D9 /* Products */;
			projectDirPath = "";
			projectRoot = "";
			targets = (
				6D4EAD6920D4E15D003267D9 /* SDWebImageFramework */,
			);
		};
/* End PBXProject section */

/* Begin PBXResourcesBuildPhase section */
		6D4EAD6820D4E15D003267D9 /* Resources */ = {
			isa = PBXResourcesBuildPhase;
			buildActionMask = 2147483647;
			files = (
				6D4EAD7B20D4E15D003267D9 /* LaunchScreen.storyboard in Resources */,
				6D4EAD7820D4E15D003267D9 /* Assets.xcassets in Resources */,
				6D4EAD7320D4E15D003267D9 /* Main.storyboard in Resources */,
			);
			runOnlyForDeploymentPostprocessing = 0;
		};
/* End PBXResourcesBuildPhase section */

/* Begin PBXShellScriptBuildPhase section */
		6059BDA7CB4B32AAA35C9238 /* [CP] Embed Pods Frameworks */ = {
			isa = PBXShellScriptBuildPhase;
			buildActionMask = 2147483647;
			files = (
			);
			inputPaths = (
				"${SRCROOT}/Pods/Target Support Files/Pods-SDWebImageFramework/Pods-SDWebImageFramework-frameworks.sh",
				"${BUILT_PRODUCTS_DIR}/FLAnimatedImage/FLAnimatedImage.framework",
				"${BUILT_PRODUCTS_DIR}/SDWebImage/SDWebImage.framework",
				"${BUILT_PRODUCTS_DIR}/libwebp/libwebp.framework",
			);
			name = "[CP] Embed Pods Frameworks";
			outputPaths = (
				"${TARGET_BUILD_DIR}/${FRAMEWORKS_FOLDER_PATH}/FLAnimatedImage.framework",
				"${TARGET_BUILD_DIR}/${FRAMEWORKS_FOLDER_PATH}/SDWebImage.framework",
				"${TARGET_BUILD_DIR}/${FRAMEWORKS_FOLDER_PATH}/libwebp.framework",
			);
			runOnlyForDeploymentPostprocessing = 0;
			shellPath = /bin/sh;
			shellScript = "\"${SRCROOT}/Pods/Target Support Files/Pods-SDWebImageFramework/Pods-SDWebImageFramework-frameworks.sh\"\n";
			showEnvVarsInLog = 0;
		};
		A9F0EA5AB8B2C2ED83083DFF /* [CP] Check Pods Manifest.lock */ = {
			isa = PBXShellScriptBuildPhase;
			buildActionMask = 2147483647;
			files = (
			);
			inputPaths = (
				"${PODS_PODFILE_DIR_PATH}/Podfile.lock",
				"${PODS_ROOT}/Manifest.lock",
			);
			name = "[CP] Check Pods Manifest.lock";
			outputPaths = (
				"$(DERIVED_FILE_DIR)/Pods-SDWebImageFramework-checkManifestLockResult.txt",
			);
			runOnlyForDeploymentPostprocessing = 0;
			shellPath = /bin/sh;
			shellScript = "diff \"${PODS_PODFILE_DIR_PATH}/Podfile.lock\" \"${PODS_ROOT}/Manifest.lock\" > /dev/null\nif [ $? != 0 ] ; then\n    # print error to STDERR\n    echo \"error: The sandbox is not in sync with the Podfile.lock. Run 'pod install' or update your CocoaPods installation.\" >&2\n    exit 1\nfi\n# This output is used by Xcode 'outputs' to avoid re-running this script phase.\necho \"SUCCESS\" > \"${SCRIPT_OUTPUT_FILE_0}\"\n";
			showEnvVarsInLog = 0;
		};
/* End PBXShellScriptBuildPhase section */

/* Begin PBXSourcesBuildPhase section */
		6D4EAD6620D4E15D003267D9 /* Sources */ = {
			isa = PBXSourcesBuildPhase;
			buildActionMask = 2147483647;
			files = (
				6D4EAD7620D4E15D003267D9 /* SDWebImageFramework.xcdatamodeld in Sources */,
				6D4EAD7020D4E15D003267D9 /* ViewController.swift in Sources */,
				6D4EAD6E20D4E15D003267D9 /* AppDelegate.swift in Sources */,
			);
			runOnlyForDeploymentPostprocessing = 0;
		};
/* End PBXSourcesBuildPhase section */

/* Begin PBXVariantGroup section */
		6D4EAD7120D4E15D003267D9 /* Main.storyboard */ = {
			isa = PBXVariantGroup;
			children = (
				6D4EAD7220D4E15D003267D9 /* Base */,
			);
			name = Main.storyboard;
			sourceTree = "<group>";
		};
		6D4EAD7920D4E15D003267D9 /* LaunchScreen.storyboard */ = {
			isa = PBXVariantGroup;
			children = (
				6D4EAD7A20D4E15D003267D9 /* Base */,
			);
			name = LaunchScreen.storyboard;
			sourceTree = "<group>";
		};
/* End PBXVariantGroup section */

/* Begin XCBuildConfiguration section */
		6D4EAD7D20D4E15D003267D9 /* Debug */ = {
			isa = XCBuildConfiguration;
			buildSettings = {
				ALWAYS_SEARCH_USER_PATHS = NO;
				CLANG_ANALYZER_NONNULL = YES;
				CLANG_ANALYZER_NUMBER_OBJECT_CONVERSION = YES_AGGRESSIVE;
				CLANG_CXX_LANGUAGE_STANDARD = "gnu++14";
				CLANG_CXX_LIBRARY = "libc++";
				CLANG_ENABLE_MODULES = YES;
				CLANG_ENABLE_OBJC_ARC = YES;
				CLANG_WARN_BLOCK_CAPTURE_AUTORELEASING = YES;
				CLANG_WARN_BOOL_CONVERSION = YES;
				CLANG_WARN_COMMA = YES;
				CLANG_WARN_CONSTANT_CONVERSION = YES;
				CLANG_WARN_DIRECT_OBJC_ISA_USAGE = YES_ERROR;
				CLANG_WARN_DOCUMENTATION_COMMENTS = YES;
				CLANG_WARN_EMPTY_BODY = YES;
				CLANG_WARN_ENUM_CONVERSION = YES;
				CLANG_WARN_INFINITE_RECURSION = YES;
				CLANG_WARN_INT_CONVERSION = YES;
				CLANG_WARN_NON_LITERAL_NULL_CONVERSION = YES;
				CLANG_WARN_OBJC_LITERAL_CONVERSION = YES;
				CLANG_WARN_OBJC_ROOT_CLASS = YES_ERROR;
				CLANG_WARN_RANGE_LOOP_ANALYSIS = YES;
				CLANG_WARN_STRICT_PROTOTYPES = YES;
				CLANG_WARN_SUSPICIOUS_MOVE = YES;
				CLANG_WARN_UNGUARDED_AVAILABILITY = YES_AGGRESSIVE;
				CLANG_WARN_UNREACHABLE_CODE = YES;
				CLANG_WARN__DUPLICATE_METHOD_MATCH = YES;
				CODE_SIGN_IDENTITY = "iPhone Developer";
				COPY_PHASE_STRIP = NO;
				DEBUG_INFORMATION_FORMAT = dwarf;
				ENABLE_STRICT_OBJC_MSGSEND = YES;
				ENABLE_TESTABILITY = YES;
				GCC_C_LANGUAGE_STANDARD = gnu11;
				GCC_DYNAMIC_NO_PIC = NO;
				GCC_NO_COMMON_BLOCKS = YES;
				GCC_OPTIMIZATION_LEVEL = 0;
				GCC_PREPROCESSOR_DEFINITIONS = (
					"DEBUG=1",
					"$(inherited)",
				);
				GCC_WARN_64_TO_32_BIT_CONVERSION = YES;
				GCC_WARN_ABOUT_RETURN_TYPE = YES_ERROR;
				GCC_WARN_UNDECLARED_SELECTOR = YES;
				GCC_WARN_UNINITIALIZED_AUTOS = YES_AGGRESSIVE;
				GCC_WARN_UNUSED_FUNCTION = YES;
				GCC_WARN_UNUSED_VARIABLE = YES;
				IPHONEOS_DEPLOYMENT_TARGET = 11.0;
				MTL_ENABLE_DEBUG_INFO = YES;
				ONLY_ACTIVE_ARCH = YES;
				SDKROOT = iphoneos;
				SWIFT_ACTIVE_COMPILATION_CONDITIONS = DEBUG;
				SWIFT_OPTIMIZATION_LEVEL = "-Onone";
			};
			name = Debug;
		};
		6D4EAD7E20D4E15D003267D9 /* Release */ = {
			isa = XCBuildConfiguration;
			buildSettings = {
				ALWAYS_SEARCH_USER_PATHS = NO;
				CLANG_ANALYZER_NONNULL = YES;
				CLANG_ANALYZER_NUMBER_OBJECT_CONVERSION = YES_AGGRESSIVE;
				CLANG_CXX_LANGUAGE_STANDARD = "gnu++14";
				CLANG_CXX_LIBRARY = "libc++";
				CLANG_ENABLE_MODULES = YES;
				CLANG_ENABLE_OBJC_ARC = YES;
				CLANG_WARN_BLOCK_CAPTURE_AUTORELEASING = YES;
				CLANG_WARN_BOOL_CONVERSION = YES;
				CLANG_WARN_COMMA = YES;
				CLANG_WARN_CONSTANT_CONVERSION = YES;
				CLANG_WARN_DIRECT_OBJC_ISA_USAGE = YES_ERROR;
				CLANG_WARN_DOCUMENTATION_COMMENTS = YES;
				CLANG_WARN_EMPTY_BODY = YES;
				CLANG_WARN_ENUM_CONVERSION = YES;
				CLANG_WARN_INFINITE_RECURSION = YES;
				CLANG_WARN_INT_CONVERSION = YES;
				CLANG_WARN_NON_LITERAL_NULL_CONVERSION = YES;
				CLANG_WARN_OBJC_LITERAL_CONVERSION = YES;
				CLANG_WARN_OBJC_ROOT_CLASS = YES_ERROR;
				CLANG_WARN_RANGE_LOOP_ANALYSIS = YES;
				CLANG_WARN_STRICT_PROTOTYPES = YES;
				CLANG_WARN_SUSPICIOUS_MOVE = YES;
				CLANG_WARN_UNGUARDED_AVAILABILITY = YES_AGGRESSIVE;
				CLANG_WARN_UNREACHABLE_CODE = YES;
				CLANG_WARN__DUPLICATE_METHOD_MATCH = YES;
				CODE_SIGN_IDENTITY = "iPhone Developer";
				COPY_PHASE_STRIP = NO;
				DEBUG_INFORMATION_FORMAT = "dwarf-with-dsym";
				ENABLE_NS_ASSERTIONS = NO;
				ENABLE_STRICT_OBJC_MSGSEND = YES;
				GCC_C_LANGUAGE_STANDARD = gnu11;
				GCC_NO_COMMON_BLOCKS = YES;
				GCC_WARN_64_TO_32_BIT_CONVERSION = YES;
				GCC_WARN_ABOUT_RETURN_TYPE = YES_ERROR;
				GCC_WARN_UNDECLARED_SELECTOR = YES;
				GCC_WARN_UNINITIALIZED_AUTOS = YES_AGGRESSIVE;
				GCC_WARN_UNUSED_FUNCTION = YES;
				GCC_WARN_UNUSED_VARIABLE = YES;
				IPHONEOS_DEPLOYMENT_TARGET = 11.0;
				MTL_ENABLE_DEBUG_INFO = NO;
				SDKROOT = iphoneos;
				SWIFT_OPTIMIZATION_LEVEL = "-Owholemodule";
				VALIDATE_PRODUCT = YES;
			};
			name = Release;
		};
		6D4EAD8020D4E15D003267D9 /* Debug */ = {
			isa = XCBuildConfiguration;
			baseConfigurationReference = A766A6EFEFA539C8EBA222A6 /* Pods-SDWebImageFramework.debug.xcconfig */;
			buildSettings = {
				ASSETCATALOG_COMPILER_APPICON_NAME = AppIcon;
				CODE_SIGN_STYLE = Automatic;
				INFOPLIST_FILE = SDWebImageFramework/Info.plist;
				LD_RUNPATH_SEARCH_PATHS = "$(inherited) @executable_path/Frameworks";
				PRODUCT_BUNDLE_IDENTIFIER = student.roey.honig.SDWebImageFramework;
				PRODUCT_NAME = "$(TARGET_NAME)";
				SWIFT_VERSION = 4.0;
				TARGETED_DEVICE_FAMILY = "1,2";
			};
			name = Debug;
		};
		6D4EAD8120D4E15D003267D9 /* Release */ = {
			isa = XCBuildConfiguration;
			baseConfigurationReference = E8777D43900B7326CEBD4CD9 /* Pods-SDWebImageFramework.release.xcconfig */;
			buildSettings = {
				ASSETCATALOG_COMPILER_APPICON_NAME = AppIcon;
				CODE_SIGN_STYLE = Automatic;
				INFOPLIST_FILE = SDWebImageFramework/Info.plist;
				LD_RUNPATH_SEARCH_PATHS = "$(inherited) @executable_path/Frameworks";
				PRODUCT_BUNDLE_IDENTIFIER = student.roey.honig.SDWebImageFramework;
				PRODUCT_NAME = "$(TARGET_NAME)";
				SWIFT_VERSION = 4.0;
				TARGETED_DEVICE_FAMILY = "1,2";
			};
			name = Release;
		};
/* End XCBuildConfiguration section */

/* Begin XCConfigurationList section */
		6D4EAD6520D4E15D003267D9 /* Build configuration list for PBXProject "SDWebImageFramework" */ = {
			isa = XCConfigurationList;
			buildConfigurations = (
				6D4EAD7D20D4E15D003267D9 /* Debug */,
				6D4EAD7E20D4E15D003267D9 /* Release */,
			);
			defaultConfigurationIsVisible = 0;
			defaultConfigurationName = Release;
		};
		6D4EAD7F20D4E15D003267D9 /* Build configuration list for PBXNativeTarget "SDWebImageFramework" */ = {
			isa = XCConfigurationList;
			buildConfigurations = (
				6D4EAD8020D4E15D003267D9 /* Debug */,
				6D4EAD8120D4E15D003267D9 /* Release */,
			);
			defaultConfigurationIsVisible = 0;
			defaultConfigurationName = Release;
		};
/* End XCConfigurationList section */

/* Begin XCVersionGroup section */
		6D4EAD7420D4E15D003267D9 /* SDWebImageFramework.xcdatamodeld */ = {
			isa = XCVersionGroup;
			children = (
				6D4EAD7520D4E15D003267D9 /* SDWebImageFramework.xcdatamodel */,
			);
			currentVersion = 6D4EAD7520D4E15D003267D9 /* SDWebImageFramework.xcdatamodel */;
			path = SDWebImageFramework.xcdatamodeld;
			sourceTree = "<group>";
			versionGroupType = wrapper.xcdatamodel;
		};
/* End XCVersionGroup section */
	};
	rootObject = 6D4EAD6220D4E15D003267D9 /* Project object */;
}
